{
  "name": "be-calculating",
  "version": "0.0.32",
  "lockfileVersion": 2,
  "requires": true,
  "packages": {
    "": {
      "name": "be-calculating",
      "version": "0.0.32",
      "license": "MIT",
      "dependencies": {
        "be-enhanced": "0.0.146",
        "be-hive": "0.0.223",
        "mount-observer": "0.0.38",
        "trans-render": "0.0.847"
      },
      "devDependencies": {
        "@playwright/test": "1.48.0",
        "ssi-server": "0.0.1"
      }
    },
    "node_modules/@playwright/test": {
      "version": "1.48.0",
      "resolved": "https://registry.npmjs.org/@playwright/test/-/test-1.48.0.tgz",
      "integrity": "sha512-W5lhqPUVPqhtc/ySvZI5Q8X2ztBOUgZ8LbAFy0JQgrXZs2xaILrUcNO3rQjwbLPfGK13+rZsDa1FpG+tqYkT5w==",
      "dev": true,
      "dependencies": {
        "playwright": "1.48.0"
      },
      "bin": {
        "playwright": "cli.js"
      },
      "engines": {
        "node": ">=18"
      }
    },
    "node_modules/be-enhanced": {
      "version": "0.0.146",
      "resolved": "https://registry.npmjs.org/be-enhanced/-/be-enhanced-0.0.146.tgz",
      "integrity": "sha512-8CBBRG/kon/cIx86l8fztKnSH7F7vd+95M/+ulUExsgPxQCpL9pAEdh2fmEHed1/IIjkGj9optnXvzLqokOLsQ==",
      "dependencies": {
        "trans-render": "0.0.847"
      }
    },
    "node_modules/be-hive": {
      "version": "0.0.223",
      "resolved": "https://registry.npmjs.org/be-hive/-/be-hive-0.0.223.tgz",
      "integrity": "sha512-ny21orFTIGfPt2AMopxq08CvGLLz7tylWau66OfHyU2o2d47DrC4Rk3QBYrkj5MiEfrrGhpUWtm744ESLyin6g==",
      "dependencies": {
        "be-enhanced": "0.0.146",
        "mount-observer": "0.0.38",
        "trans-render": "0.0.847"
      }
    },
    "node_modules/fsevents": {
      "version": "2.3.2",
      "resolved": "https://registry.npmjs.org/fsevents/-/fsevents-2.3.2.tgz",
      "integrity": "sha512-xiqMQR4xAeHTuB9uWm+fFRcIOgKBMiOBP+eXiyT7jsgVCq1bkVygt00oASowB7EdtpOHaaPgKt812P9ab+DDKA==",
      "dev": true,
      "hasInstallScript": true,
      "optional": true,
      "os": [
        "darwin"
      ],
      "engines": {
        "node": "^8.16.0 || ^10.6.0 || >=11.0.0"
      }
    },
    "node_modules/mount-observer": {
      "version": "0.0.38",
      "resolved": "https://registry.npmjs.org/mount-observer/-/mount-observer-0.0.38.tgz",
      "integrity": "sha512-x0wZWNRTeTZ/dw7o8HxfqcwFnVTSMHIQpd5dDZ+7G8onlG5B0thgwK2myoiCf/k+hYVtZA1xALcBBYAGenCGvg=="
    },
    "node_modules/playwright": {
      "version": "1.48.0",
      "resolved": "https://registry.npmjs.org/playwright/-/playwright-1.48.0.tgz",
      "integrity": "sha512-qPqFaMEHuY/ug8o0uteYJSRfMGFikhUysk8ZvAtfKmUK3kc/6oNl/y3EczF8OFGYIi/Ex2HspMfzYArk6+XQSA==",
      "dev": true,
      "dependencies": {
        "playwright-core": "1.48.0"
      },
      "bin": {
        "playwright": "cli.js"
      },
      "engines": {
        "node": ">=18"
      },
      "optionalDependencies": {
        "fsevents": "2.3.2"
      }
    },
    "node_modules/playwright-core": {
      "version": "1.48.0",
      "resolved": "https://registry.npmjs.org/playwright-core/-/playwright-core-1.48.0.tgz",
      "integrity": "sha512-RBvzjM9rdpP7UUFrQzRwR8L/xR4HyC1QXMzGYTbf1vjw25/ya9NRAVnXi/0fvFopjebvyPzsmoK58xxeEOaVvA==",
      "dev": true,
      "bin": {
        "playwright-core": "cli.js"
      },
      "engines": {
        "node": ">=18"
      }
    },
    "node_modules/ssi-server": {
      "version": "0.0.1",
      "resolved": "https://registry.npmjs.org/ssi-server/-/ssi-server-0.0.1.tgz",
      "integrity": "sha512-HdgGAl+z7O0lq3Bl4cCnj4tKg7mG3rI4srKnaoPTHIzHO4QMMdvP9z6IDRz1fIpgLBMi6b6ZnvbYa2TSPjBhpg==",
      "dev": true
    },
    "node_modules/trans-render": {
      "version": "0.0.847",
      "resolved": "https://registry.npmjs.org/trans-render/-/trans-render-0.0.847.tgz",
      "integrity": "sha512-ZAtECuGaRGJtl9MSmU/3jsik4QQW4jfr9AfCm1hKFgMNVmUDnNclyCkjGrptdFGqZg4kj5aIg9RTN4ghtkbJAQ==",
      "dependencies": {
        "mount-observer": "0.0.38"
      }
    }
  },
  "dependencies": {
    "@playwright/test": {
      "version": "1.48.0",
      "resolved": "https://registry.npmjs.org/@playwright/test/-/test-1.48.0.tgz",
      "integrity": "sha512-W5lhqPUVPqhtc/ySvZI5Q8X2ztBOUgZ8LbAFy0JQgrXZs2xaILrUcNO3rQjwbLPfGK13+rZsDa1FpG+tqYkT5w==",
      "dev": true,
      "requires": {
        "playwright": "1.48.0"
      }
    },
    "be-enhanced": {
      "version": "0.0.146",
      "resolved": "https://registry.npmjs.org/be-enhanced/-/be-enhanced-0.0.146.tgz",
      "integrity": "sha512-8CBBRG/kon/cIx86l8fztKnSH7F7vd+95M/+ulUExsgPxQCpL9pAEdh2fmEHed1/IIjkGj9optnXvzLqokOLsQ==",
      "requires": {
        "trans-render": "0.0.847"
      }
    },
    "be-hive": {
      "version": "0.0.223",
      "resolved": "https://registry.npmjs.org/be-hive/-/be-hive-0.0.223.tgz",
      "integrity": "sha512-ny21orFTIGfPt2AMopxq08CvGLLz7tylWau66OfHyU2o2d47DrC4Rk3QBYrkj5MiEfrrGhpUWtm744ESLyin6g==",
      "requires": {
        "be-enhanced": "0.0.146",
        "mount-observer": "0.0.38",
        "trans-render": "0.0.847"
      }
    },
    "fsevents": {
      "version": "2.3.2",
      "resolved": "https://registry.npmjs.org/fsevents/-/fsevents-2.3.2.tgz",
      "integrity": "sha512-xiqMQR4xAeHTuB9uWm+fFRcIOgKBMiOBP+eXiyT7jsgVCq1bkVygt00oASowB7EdtpOHaaPgKt812P9ab+DDKA==",
      "dev": true,
      "optional": true
    },
    "mount-observer": {
      "version": "0.0.38",
      "resolved": "https://registry.npmjs.org/mount-observer/-/mount-observer-0.0.38.tgz",
      "integrity": "sha512-x0wZWNRTeTZ/dw7o8HxfqcwFnVTSMHIQpd5dDZ+7G8onlG5B0thgwK2myoiCf/k+hYVtZA1xALcBBYAGenCGvg=="
    },
    "playwright": {
      "version": "1.48.0",
      "resolved": "https://registry.npmjs.org/playwright/-/playwright-1.48.0.tgz",
      "integrity": "sha512-qPqFaMEHuY/ug8o0uteYJSRfMGFikhUysk8ZvAtfKmUK3kc/6oNl/y3EczF8OFGYIi/Ex2HspMfzYArk6+XQSA==",
      "dev": true,
      "requires": {
        "fsevents": "2.3.2",
        "playwright-core": "1.48.0"
      }
    },
    "playwright-core": {
      "version": "1.48.0",
      "resolved": "https://registry.npmjs.org/playwright-core/-/playwright-core-1.48.0.tgz",
      "integrity": "sha512-RBvzjM9rdpP7UUFrQzRwR8L/xR4HyC1QXMzGYTbf1vjw25/ya9NRAVnXi/0fvFopjebvyPzsmoK58xxeEOaVvA==",
      "dev": true
    },
    "ssi-server": {
      "version": "0.0.1",
      "resolved": "https://registry.npmjs.org/ssi-server/-/ssi-server-0.0.1.tgz",
      "integrity": "sha512-HdgGAl+z7O0lq3Bl4cCnj4tKg7mG3rI4srKnaoPTHIzHO4QMMdvP9z6IDRz1fIpgLBMi6b6ZnvbYa2TSPjBhpg==",
      "dev": true
    },
    "trans-render": {
      "version": "0.0.847",
      "resolved": "https://registry.npmjs.org/trans-render/-/trans-render-0.0.847.tgz",
      "integrity": "sha512-ZAtECuGaRGJtl9MSmU/3jsik4QQW4jfr9AfCm1hKFgMNVmUDnNclyCkjGrptdFGqZg4kj5aIg9RTN4ghtkbJAQ==",
      "requires": {
        "mount-observer": "0.0.38"
      }
    }
  }
}
